
Microsoft Visual Studio Solution File, Format Version 12.00
# Visual Studio 15
VisualStudioVersion = 15.0.28307.438
MinimumVisualStudioVersion = 10.0.40219.1
Project("{FAE04EC0-301F-11D3-BF4B-00C04F79EFBC}") = "CalculadoraCSharp", "CalculadoraCSharp\CalculadoraCSharp.csproj", "{423F7085-027C-48E6-86DB-45520A983EE4}"
EndProject
Global
	GlobalSection(SolutionConfigurationPlatforms) = preSolution
		Debug|Any CPU = Debug|Any CPU
		Release|Any CPU = Release|Any CPU
	EndGlobalSection
	GlobalSection(ProjectConfigurationPlatforms) = postSolution
		{423F7085-027C-48E6-86DB-45520A983EE4}.Debug|Any CPU.ActiveCfg = Debug|Any CPU
		{423F7085-027C-48E6-86DB-45520A983EE4}.Debug|Any CPU.Build.0 = Debug|Any CPU
		{423F7085-027C-48E6-86DB-45520A983EE4}.Release|Any CPU.ActiveCfg = Release|Any CPU
		{423F7085-027C-48E6-86DB-45520A983EE4}.Release|Any CPU.Build.0 = Release|Any CPU
	EndGlobalSection
	GlobalSection(SolutionProperties) = preSolution
		HideSolutionNode = FALSE
	EndGlobalSection
	GlobalSection(ExtensibilityGlobals) = postSolution
		SolutionGuid = {97FCCF39-9F04-4891-8756-B03453B188E1}
	EndGlobalSection
EndGlobal
